
Microsoft Visual Studio Solution File, Format Version 12.00
# Visual Studio Version 17
VisualStudioVersion = 17.11.35327.3
MinimumVisualStudioVersion = 10.0.40219.1
Project("{9A19103F-16F7-4668-BE54-9A1E7A4F7556}") = "HTTPServer", "HTTPServer\HTTPServer.csproj", "{60A5E1F5-CCED-4BCE-8B53-1A892DB1DDBB}"
EndProject
Project("{FAE04EC0-301F-11D3-BF4B-00C04F79EFBC}") = "HTTPFramework", "HTTPFramework\HTTPFramework.csproj", "{8D5166C9-9059-46DD-84AB-58218C54139C}"
EndProject
Project("{FAE04EC0-301F-11D3-BF4B-00C04F79EFBC}") = "api", "api\api.csproj", "{EE817CB5-F3BB-4835-B22E-FC5D9E0364CA}"
EndProject
Global
	GlobalSection(SolutionConfigurationPlatforms) = preSolution
		Debug|Any CPU = Debug|Any CPU
		Release|Any CPU = Release|Any CPU
	EndGlobalSection
	GlobalSection(ProjectConfigurationPlatforms) = postSolution
		{60A5E1F5-CCED-4BCE-8B53-1A892DB1DDBB}.Debug|Any CPU.ActiveCfg = Debug|Any CPU
		{60A5E1F5-CCED-4BCE-8B53-1A892DB1DDBB}.Debug|Any CPU.Build.0 = Debug|Any CPU
		{60A5E1F5-CCED-4BCE-8B53-1A892DB1DDBB}.Release|Any CPU.ActiveCfg = Release|Any CPU
		{60A5E1F5-CCED-4BCE-8B53-1A892DB1DDBB}.Release|Any CPU.Build.0 = Release|Any CPU
		{8D5166C9-9059-46DD-84AB-58218C54139C}.Debug|Any CPU.ActiveCfg = Debug|Any CPU
		{8D5166C9-9059-46DD-84AB-58218C54139C}.Debug|Any CPU.Build.0 = Debug|Any CPU
		{8D5166C9-9059-46DD-84AB-58218C54139C}.Release|Any CPU.ActiveCfg = Release|Any CPU
		{8D5166C9-9059-46DD-84AB-58218C54139C}.Release|Any CPU.Build.0 = Release|Any CPU
		{EE817CB5-F3BB-4835-B22E-FC5D9E0364CA}.Debug|Any CPU.ActiveCfg = Debug|Any CPU
		{EE817CB5-F3BB-4835-B22E-FC5D9E0364CA}.Debug|Any CPU.Build.0 = Debug|Any CPU
		{EE817CB5-F3BB-4835-B22E-FC5D9E0364CA}.Release|Any CPU.ActiveCfg = Release|Any CPU
		{EE817CB5-F3BB-4835-B22E-FC5D9E0364CA}.Release|Any CPU.Build.0 = Release|Any CPU
	EndGlobalSection
	GlobalSection(SolutionProperties) = preSolution
		HideSolutionNode = FALSE
	EndGlobalSection
	GlobalSection(ExtensibilityGlobals) = postSolution
		SolutionGuid = {39E2372F-8911-41BE-B6A6-851CB9CCC429}
	EndGlobalSection
EndGlobal
